
Microsoft Visual Studio Solution File, Format Version 12.00
# Visual Studio Version 17
VisualStudioVersion = 17.0.31903.59
MinimumVisualStudioVersion = 10.0.40219.1
Project("{FAE04EC0-301F-11D3-BF4B-00C04F79EFBC}") = "Aoc2017-Day01", "Aoc2017-Day01\Aoc2017-Day01.csproj", "{66120CFA-5271-42E7-AA6F-23FCBC903C97}"
EndProject
Project("{FAE04EC0-301F-11D3-BF4B-00C04F79EFBC}") = "Aoc2017-Day02", "Aoc2017-Day02\Aoc2017-Day02.csproj", "{3570CDB7-6861-45B0-B7F3-F50512257C07}"
EndProject
Project("{FAE04EC0-301F-11D3-BF4B-00C04F79EFBC}") = "Aoc2017-Day03", "Aoc2017-Day03\Aoc2017-Day03.csproj", "{10577976-0A0A-4FE5-8EA3-2B42570E60FD}"
EndProject
Project("{FAE04EC0-301F-11D3-BF4B-00C04F79EFBC}") = "Aoc2017-Day04", "Aoc2017-Day04\Aoc2017-Day04.csproj", "{71F69612-CC1D-4DF2-8323-04C4A00A921E}"
EndProject
Project("{FAE04EC0-301F-11D3-BF4B-00C04F79EFBC}") = "Aoc2017-Day05", "Aoc2017-Day05\Aoc2017-Day05.csproj", "{3D01852C-07DE-4852-9121-CF92FD32472E}"
EndProject
Project("{FAE04EC0-301F-11D3-BF4B-00C04F79EFBC}") = "Aoc2017-Day06", "Aoc2017-Day06\Aoc2017-Day06.csproj", "{B6BB5CA5-D1A1-4B39-81CB-5C0EF2206D71}"
EndProject
Project("{FAE04EC0-301F-11D3-BF4B-00C04F79EFBC}") = "Aoc2017-Day07", "Aoc2017-Day07\Aoc2017-Day07.csproj", "{63795492-43AC-4536-AD6F-1FE820953551}"
EndProject
Project("{FAE04EC0-301F-11D3-BF4B-00C04F79EFBC}") = "Aoc2017-Day08", "Aoc2017-Day08\Aoc2017-Day08.csproj", "{4974F9E1-BBAA-486F-91B2-B8D18D261F99}"
EndProject
Project("{FAE04EC0-301F-11D3-BF4B-00C04F79EFBC}") = "Aoc2017-Day09", "Aoc2017-Day09\Aoc2017-Day09.csproj", "{D825B6EC-9ED4-4D92-9E33-39F1C78D04DD}"
EndProject
Project("{FAE04EC0-301F-11D3-BF4B-00C04F79EFBC}") = "Aoc2017-Day10", "Aoc2017-Day10\Aoc2017-Day10.csproj", "{ADA0B139-F810-4EE9-8E46-7B905203A47E}"
EndProject
Project("{FAE04EC0-301F-11D3-BF4B-00C04F79EFBC}") = "Aoc2017-Day11", "Aoc2017-Day11\Aoc2017-Day11.csproj", "{54A732F1-4944-473D-9AB7-FB6196F21DDF}"
EndProject
Project("{FAE04EC0-301F-11D3-BF4B-00C04F79EFBC}") = "Aoc2017-Day12", "Aoc2017-Day12\Aoc2017-Day12.csproj", "{F3A4461F-CC57-4F20-8C68-BC02F96EBA9F}"
EndProject
Project("{FAE04EC0-301F-11D3-BF4B-00C04F79EFBC}") = "Aoc2017-Day13", "Aoc2017-Day13\Aoc2017-Day13.csproj", "{3D464C14-0177-46AC-91F6-01F793B982EF}"
EndProject
Project("{FAE04EC0-301F-11D3-BF4B-00C04F79EFBC}") = "Aoc2017-Day14", "Aoc2017-Day14\Aoc2017-Day14.csproj", "{A03B1BA8-3BE4-4BA9-A04D-C2FC562A3F2E}"
EndProject
Project("{FAE04EC0-301F-11D3-BF4B-00C04F79EFBC}") = "Aoc2017-Day15", "Aoc2017-Day15\Aoc2017-Day15.csproj", "{DA560E7A-5293-4338-8FC9-0BB5041952A5}"
EndProject
Project("{FAE04EC0-301F-11D3-BF4B-00C04F79EFBC}") = "Aoc2017-Day16", "Aoc2017-Day16\Aoc2017-Day16.csproj", "{5BCE2593-4770-436C-8C18-B06934B6D65C}"
EndProject
Project("{FAE04EC0-301F-11D3-BF4B-00C04F79EFBC}") = "Aoc2017-Day17", "Aoc2017-Day17\Aoc2017-Day17.csproj", "{E33D520A-71F5-4DAC-9C34-C0C602828DF4}"
EndProject
Project("{FAE04EC0-301F-11D3-BF4B-00C04F79EFBC}") = "Aoc2017-Day18", "Aoc2017-Day18\Aoc2017-Day18.csproj", "{41AFF082-8A34-45D9-8010-5213C36FCAC7}"
EndProject
Project("{FAE04EC0-301F-11D3-BF4B-00C04F79EFBC}") = "Aoc2017-Day19", "Aoc2017-Day19\Aoc2017-Day19.csproj", "{3C723945-F01A-4EA0-9555-E16223A03B77}"
EndProject
Global
	GlobalSection(SolutionConfigurationPlatforms) = preSolution
		Debug|Any CPU = Debug|Any CPU
		Release|Any CPU = Release|Any CPU
	EndGlobalSection
	GlobalSection(SolutionProperties) = preSolution
		HideSolutionNode = FALSE
	EndGlobalSection
	GlobalSection(ProjectConfigurationPlatforms) = postSolution
		{66120CFA-5271-42E7-AA6F-23FCBC903C97}.Debug|Any CPU.ActiveCfg = Debug|Any CPU
		{66120CFA-5271-42E7-AA6F-23FCBC903C97}.Debug|Any CPU.Build.0 = Debug|Any CPU
		{66120CFA-5271-42E7-AA6F-23FCBC903C97}.Release|Any CPU.ActiveCfg = Release|Any CPU
		{66120CFA-5271-42E7-AA6F-23FCBC903C97}.Release|Any CPU.Build.0 = Release|Any CPU
		{3570CDB7-6861-45B0-B7F3-F50512257C07}.Debug|Any CPU.ActiveCfg = Debug|Any CPU
		{3570CDB7-6861-45B0-B7F3-F50512257C07}.Debug|Any CPU.Build.0 = Debug|Any CPU
		{3570CDB7-6861-45B0-B7F3-F50512257C07}.Release|Any CPU.ActiveCfg = Release|Any CPU
		{3570CDB7-6861-45B0-B7F3-F50512257C07}.Release|Any CPU.Build.0 = Release|Any CPU
		{10577976-0A0A-4FE5-8EA3-2B42570E60FD}.Debug|Any CPU.ActiveCfg = Debug|Any CPU
		{10577976-0A0A-4FE5-8EA3-2B42570E60FD}.Debug|Any CPU.Build.0 = Debug|Any CPU
		{10577976-0A0A-4FE5-8EA3-2B42570E60FD}.Release|Any CPU.ActiveCfg = Release|Any CPU
		{10577976-0A0A-4FE5-8EA3-2B42570E60FD}.Release|Any CPU.Build.0 = Release|Any CPU
		{71F69612-CC1D-4DF2-8323-04C4A00A921E}.Debug|Any CPU.ActiveCfg = Debug|Any CPU
		{71F69612-CC1D-4DF2-8323-04C4A00A921E}.Debug|Any CPU.Build.0 = Debug|Any CPU
		{71F69612-CC1D-4DF2-8323-04C4A00A921E}.Release|Any CPU.ActiveCfg = Release|Any CPU
		{71F69612-CC1D-4DF2-8323-04C4A00A921E}.Release|Any CPU.Build.0 = Release|Any CPU
		{3D01852C-07DE-4852-9121-CF92FD32472E}.Debug|Any CPU.ActiveCfg = Debug|Any CPU
		{3D01852C-07DE-4852-9121-CF92FD32472E}.Debug|Any CPU.Build.0 = Debug|Any CPU
		{3D01852C-07DE-4852-9121-CF92FD32472E}.Release|Any CPU.ActiveCfg = Release|Any CPU
		{3D01852C-07DE-4852-9121-CF92FD32472E}.Release|Any CPU.Build.0 = Release|Any CPU
		{B6BB5CA5-D1A1-4B39-81CB-5C0EF2206D71}.Debug|Any CPU.ActiveCfg = Debug|Any CPU
		{B6BB5CA5-D1A1-4B39-81CB-5C0EF2206D71}.Debug|Any CPU.Build.0 = Debug|Any CPU
		{B6BB5CA5-D1A1-4B39-81CB-5C0EF2206D71}.Release|Any CPU.ActiveCfg = Release|Any CPU
		{B6BB5CA5-D1A1-4B39-81CB-5C0EF2206D71}.Release|Any CPU.Build.0 = Release|Any CPU
		{63795492-43AC-4536-AD6F-1FE820953551}.Debug|Any CPU.ActiveCfg = Debug|Any CPU
		{63795492-43AC-4536-AD6F-1FE820953551}.Debug|Any CPU.Build.0 = Debug|Any CPU
		{63795492-43AC-4536-AD6F-1FE820953551}.Release|Any CPU.ActiveCfg = Release|Any CPU
		{63795492-43AC-4536-AD6F-1FE820953551}.Release|Any CPU.Build.0 = Release|Any CPU
		{4974F9E1-BBAA-486F-91B2-B8D18D261F99}.Debug|Any CPU.ActiveCfg = Debug|Any CPU
		{4974F9E1-BBAA-486F-91B2-B8D18D261F99}.Debug|Any CPU.Build.0 = Debug|Any CPU
		{4974F9E1-BBAA-486F-91B2-B8D18D261F99}.Release|Any CPU.ActiveCfg = Release|Any CPU
		{4974F9E1-BBAA-486F-91B2-B8D18D261F99}.Release|Any CPU.Build.0 = Release|Any CPU
		{D825B6EC-9ED4-4D92-9E33-39F1C78D04DD}.Debug|Any CPU.ActiveCfg = Debug|Any CPU
		{D825B6EC-9ED4-4D92-9E33-39F1C78D04DD}.Debug|Any CPU.Build.0 = Debug|Any CPU
		{D825B6EC-9ED4-4D92-9E33-39F1C78D04DD}.Release|Any CPU.ActiveCfg = Release|Any CPU
		{D825B6EC-9ED4-4D92-9E33-39F1C78D04DD}.Release|Any CPU.Build.0 = Release|Any CPU
		{ADA0B139-F810-4EE9-8E46-7B905203A47E}.Debug|Any CPU.ActiveCfg = Debug|Any CPU
		{ADA0B139-F810-4EE9-8E46-7B905203A47E}.Debug|Any CPU.Build.0 = Debug|Any CPU
		{ADA0B139-F810-4EE9-8E46-7B905203A47E}.Release|Any CPU.ActiveCfg = Release|Any CPU
		{ADA0B139-F810-4EE9-8E46-7B905203A47E}.Release|Any CPU.Build.0 = Release|Any CPU
		{54A732F1-4944-473D-9AB7-FB6196F21DDF}.Debug|Any CPU.ActiveCfg = Debug|Any CPU
		{54A732F1-4944-473D-9AB7-FB6196F21DDF}.Debug|Any CPU.Build.0 = Debug|Any CPU
		{54A732F1-4944-473D-9AB7-FB6196F21DDF}.Release|Any CPU.ActiveCfg = Release|Any CPU
		{54A732F1-4944-473D-9AB7-FB6196F21DDF}.Release|Any CPU.Build.0 = Release|Any CPU
		{F3A4461F-CC57-4F20-8C68-BC02F96EBA9F}.Debug|Any CPU.ActiveCfg = Debug|Any CPU
		{F3A4461F-CC57-4F20-8C68-BC02F96EBA9F}.Debug|Any CPU.Build.0 = Debug|Any CPU
		{F3A4461F-CC57-4F20-8C68-BC02F96EBA9F}.Release|Any CPU.ActiveCfg = Release|Any CPU
		{F3A4461F-CC57-4F20-8C68-BC02F96EBA9F}.Release|Any CPU.Build.0 = Release|Any CPU
		{3D464C14-0177-46AC-91F6-01F793B982EF}.Debug|Any CPU.ActiveCfg = Debug|Any CPU
		{3D464C14-0177-46AC-91F6-01F793B982EF}.Debug|Any CPU.Build.0 = Debug|Any CPU
		{3D464C14-0177-46AC-91F6-01F793B982EF}.Release|Any CPU.ActiveCfg = Release|Any CPU
		{3D464C14-0177-46AC-91F6-01F793B982EF}.Release|Any CPU.Build.0 = Release|Any CPU
		{A03B1BA8-3BE4-4BA9-A04D-C2FC562A3F2E}.Debug|Any CPU.ActiveCfg = Debug|Any CPU
		{A03B1BA8-3BE4-4BA9-A04D-C2FC562A3F2E}.Debug|Any CPU.Build.0 = Debug|Any CPU
		{A03B1BA8-3BE4-4BA9-A04D-C2FC562A3F2E}.Release|Any CPU.ActiveCfg = Release|Any CPU
		{A03B1BA8-3BE4-4BA9-A04D-C2FC562A3F2E}.Release|Any CPU.Build.0 = Release|Any CPU
		{DA560E7A-5293-4338-8FC9-0BB5041952A5}.Debug|Any CPU.ActiveCfg = Debug|Any CPU
		{DA560E7A-5293-4338-8FC9-0BB5041952A5}.Debug|Any CPU.Build.0 = Debug|Any CPU
		{DA560E7A-5293-4338-8FC9-0BB5041952A5}.Release|Any CPU.ActiveCfg = Release|Any CPU
		{DA560E7A-5293-4338-8FC9-0BB5041952A5}.Release|Any CPU.Build.0 = Release|Any CPU
		{5BCE2593-4770-436C-8C18-B06934B6D65C}.Debug|Any CPU.ActiveCfg = Debug|Any CPU
		{5BCE2593-4770-436C-8C18-B06934B6D65C}.Debug|Any CPU.Build.0 = Debug|Any CPU
		{5BCE2593-4770-436C-8C18-B06934B6D65C}.Release|Any CPU.ActiveCfg = Release|Any CPU
		{5BCE2593-4770-436C-8C18-B06934B6D65C}.Release|Any CPU.Build.0 = Release|Any CPU
		{E33D520A-71F5-4DAC-9C34-C0C602828DF4}.Debug|Any CPU.ActiveCfg = Debug|Any CPU
		{E33D520A-71F5-4DAC-9C34-C0C602828DF4}.Debug|Any CPU.Build.0 = Debug|Any CPU
		{E33D520A-71F5-4DAC-9C34-C0C602828DF4}.Release|Any CPU.ActiveCfg = Release|Any CPU
		{E33D520A-71F5-4DAC-9C34-C0C602828DF4}.Release|Any CPU.Build.0 = Release|Any CPU
		{41AFF082-8A34-45D9-8010-5213C36FCAC7}.Debug|Any CPU.ActiveCfg = Debug|Any CPU
		{41AFF082-8A34-45D9-8010-5213C36FCAC7}.Debug|Any CPU.Build.0 = Debug|Any CPU
		{41AFF082-8A34-45D9-8010-5213C36FCAC7}.Release|Any CPU.ActiveCfg = Release|Any CPU
		{41AFF082-8A34-45D9-8010-5213C36FCAC7}.Release|Any CPU.Build.0 = Release|Any CPU
		{3C723945-F01A-4EA0-9555-E16223A03B77}.Debug|Any CPU.ActiveCfg = Debug|Any CPU
		{3C723945-F01A-4EA0-9555-E16223A03B77}.Debug|Any CPU.Build.0 = Debug|Any CPU
		{3C723945-F01A-4EA0-9555-E16223A03B77}.Release|Any CPU.ActiveCfg = Release|Any CPU
		{3C723945-F01A-4EA0-9555-E16223A03B77}.Release|Any CPU.Build.0 = Release|Any CPU
	EndGlobalSection
EndGlobal
